{
    "_readme": [
        "This file locks the dependencies of your project to a known state",
        "Read more about it at https://getcomposer.org/doc/01-basic-usage.md#installing-dependencies",
        "This file is @generated automatically"
    ],
    "content-hash": "f56bedca7cabb467efdbd6218efa0502",
    "packages": [
        {
            "name": "components/jquery",
            "version": "3.5.1",
            "source": {
                "type": "git",
                "url": "https://github.com/components/jquery.git",
                "reference": "b33e8f0f9a1cb2ae390cf05d766a900b53d2125b"
            },
            "dist": {
                "type": "zip",
                "url": "https://api.github.com/repos/components/jquery/zipball/b33e8f0f9a1cb2ae390cf05d766a900b53d2125b",
                "reference": "b33e8f0f9a1cb2ae390cf05d766a900b53d2125b",
                "shasum": ""
            },
            "type": "component",
            "extra": {
                "component": {
                    "scripts": [
                        "jquery.js"
                    ],
                    "files": [
                        "jquery.min.js",
                        "jquery.min.map",
                        "jquery.slim.js",
                        "jquery.slim.min.js",
                        "jquery.slim.min.map"
                    ]
                }
            },
            "notification-url": "https://packagist.org/downloads/",
            "license": [
                "MIT"
            ],
            "authors": [
                {
                    "name": "JS Foundation and other contributors"
                }
            ],
            "description": "jQuery JavaScript Library",
            "homepage": "http://jquery.com",
            "time": "2020-05-05T13:21:02+00:00"
        },
        {
            "name": "didrive/base",
            "version": "1.1.1",
            "source": {
                "type": "git",
                "url": "https://github.com/nyosru/didrive_composer_base.git",
                "reference": "f76acf9cceceb41fcce52d401263e29db165c6ba"
            },
            "dist": {
                "type": "zip",
                "url": "https://api.github.com/repos/nyosru/didrive_composer_base/zipball/f76acf9cceceb41fcce52d401263e29db165c6ba",
                "reference": "f76acf9cceceb41fcce52d401263e29db165c6ba",
                "shasum": ""
            },
            "require": {
                "components/jquery": ">=3.3.1",
                "didrive/f": ">=1.0.0",
                "didrive_mod/backword": ">=0.0.5",
                "didrive_mod/vars_on_site": ">=0.0.1",
                "php": ">=7.1.0",
                "twbs/bootstrap": ">=4.3.1",
                "twig/twig": ">=2.0.0"
            },
            "type": "library",
            "autoload": {
                "files": [
                    "Nyos.php",
                    "Nyos_image.php"
                ]
            },
            "notification-url": "https://packagist.org/downloads/",
            "license": [
                "MIT"
            ],
            "authors": [
                {
                    "name": "Сергей Бакланов",
                    "email": "1@nyos.ru",
                    "homepage": "https://uralweb.info",
                    "role": "Developer"
                }
            ],
            "description": "didrive cms - class and function ",
            "homepage": "https://uralweb.info/php/#classes",
            "keywords": [
                "nyos",
                "uralweb.info"
            ],
            "time": "2020-07-16T15:35:17+00:00"
        },
        {
            "name": "didrive/f",
            "version": "2.3.12",
            "source": {
                "type": "git",
                "url": "https://github.com/nyosru/composer_didrive_f.git",
                "reference": "1b78b1d199af0ef7232639098e4f3a72be57f78b"
            },
            "dist": {
                "type": "zip",
                "url": "https://api.github.com/repos/nyosru/composer_didrive_f/zipball/1b78b1d199af0ef7232639098e4f3a72be57f78b",
                "reference": "1b78b1d199af0ef7232639098e4f3a72be57f78b",
                "shasum": ""
            },
            "require": {
                "didrive/base": ">=0.1.3",
                "php": ">=7.1.0"
            },
            "type": "library",
            "autoload": {
                "files": [
                    "ajax.php",
                    "cash.php",
                    "db.php",
                    "file.php",
                    "mail.php",
                    "http.php",
                    "timer.php",
                    "array.php",
                    "txt.php"
                ]
            },
            "notification-url": "https://packagist.org/downloads/",
            "license": [
                "MIT"
            ],
            "authors": [
                {
                    "name": "Сергей Бакланов",
                    "email": "1@nyos.ru",
                    "homepage": "https://uralweb.info",
                    "role": "Developer"
                }
            ],
            "description": "simple nyos function for sites",
            "homepage": "https://uralweb.info/php/#classes",
            "keywords": [
                "nyos",
                "uralweb.info"
            ],
            "time": "2020-07-17T20:14:03+00:00"
        },
        {
            "name": "didrive_mod/backword",
            "version": "1.0.0",
            "source": {
                "type": "git",
                "url": "https://github.com/nyosru/composer_didrive_mod_backword.git",
                "reference": "eb18641d02db70426cc716db1c8e875a13bd3085"
            },
            "dist": {
                "type": "zip",
                "url": "https://api.github.com/repos/nyosru/composer_didrive_mod_backword/zipball/eb18641d02db70426cc716db1c8e875a13bd3085",
                "reference": "eb18641d02db70426cc716db1c8e875a13bd3085",
                "shasum": ""
            },
            "require": {
                "didrive/f": ">=1.0.11",
                "php": ">=7.1.0",
                "twig/twig": ">=2.10.0"
            },
            "type": "library",
            "autoload": {
                "files": [
                    "class.php"
                ]
            },
            "notification-url": "https://packagist.org/downloads/",
            "license": [
                "MIT"
            ],
            "authors": [
                {
                    "name": "Sergey Baklanov",
                    "email": "1@php-cat.com",
                    "homepage": "https://php-cat.com",
                    "role": "Developer"
                }
            ],
            "description": "формочка обратной связи",
            "homepage": "https://uralweb.info/php/#classes",
            "keywords": [
                "didrive",
                "module",
                "nyos",
                "uralweb.info"
            ],
            "time": "2020-04-07T05:08:07+00:00"
        },
        {
            "name": "didrive_mod/vars_on_site",
            "version": "0.0.3",
            "source": {
                "type": "git",
                "url": "https://github.com/nyosru/composer_didrive_mod_vars_on_site.git",
                "reference": "e6a0e7749f8f4a0100811d8c27a5587f802066cd"
            },
            "dist": {
                "type": "zip",
                "url": "https://api.github.com/repos/nyosru/composer_didrive_mod_vars_on_site/zipball/e6a0e7749f8f4a0100811d8c27a5587f802066cd",
                "reference": "e6a0e7749f8f4a0100811d8c27a5587f802066cd",
                "shasum": ""
            },
            "require": {
                "didrive/base": ">=0.1.1",
                "php": ">=7.1.0",
                "twig/twig": ">=2.10.0"
            },
            "type": "library",
            "autoload": {
                "files": [
                    "class.php"
                ]
            },
            "notification-url": "https://packagist.org/downloads/",
            "license": [
                "MIT"
            ],
            "authors": [
                {
                    "name": "Sergey Baklanov",
                    "email": "1@php-cat.com",
                    "homepage": "https://php-cat.com",
                    "role": "Developer"
                }
            ],
            "description": "переменные на сайт",
            "homepage": "https://uralweb.info/php/#classes",
            "keywords": [
                "didrive",
                "module",
                "nyos",
                "uralweb.info"
            ],
            "time": "2020-03-22T21:58:06+00:00"
        },
        {
            "name": "facebook/graph-sdk",
            "version": "5.7.0",
            "source": {
                "type": "git",
                "url": "https://github.com/facebook/php-graph-sdk.git",
                "reference": "2d8250638b33d73e7a87add65f47fabf91f8ad9b"
            },
            "dist": {
                "type": "zip",
                "url": "https://api.github.com/repos/facebook/php-graph-sdk/zipball/2d8250638b33d73e7a87add65f47fabf91f8ad9b",
                "reference": "2d8250638b33d73e7a87add65f47fabf91f8ad9b",
                "shasum": ""
            },
            "require": {
                "php": "^5.4|^7.0"
            },
            "require-dev": {
                "guzzlehttp/guzzle": "~5.0",
                "mockery/mockery": "~0.8",
                "phpunit/phpunit": "~4.0"
            },
            "suggest": {
                "guzzlehttp/guzzle": "Allows for implementation of the Guzzle HTTP client",
                "paragonie/random_compat": "Provides a better CSPRNG option in PHP 5"
            },
            "type": "library",
            "extra": {
                "branch-alias": {
                    "dev-master": "5.x-dev"
                }
            },
            "autoload": {
                "psr-4": {
                    "Facebook\\": "src/Facebook/"
                },
                "files": [
                    "src/Facebook/polyfills.php"
                ]
            },
            "notification-url": "https://packagist.org/downloads/",
            "license": [
                "Facebook Platform"
            ],
            "authors": [
                {
                    "name": "Facebook",
                    "homepage": "https://github.com/facebook/php-graph-sdk/contributors"
                }
            ],
            "description": "Facebook SDK for PHP",
            "homepage": "https://github.com/facebook/php-graph-sdk",
            "keywords": [
                "facebook",
                "sdk"
            ],
            "time": "2018-12-11T22:56:31+00:00"
        },
        {
            "name": "symfony/polyfill-ctype",
            "version": "v1.18.0",
            "source": {
                "type": "git",
                "url": "https://github.com/symfony/polyfill-ctype.git",
                "reference": "1c302646f6efc070cd46856e600e5e0684d6b454"
            },
            "dist": {
                "type": "zip",
                "url": "https://api.github.com/repos/symfony/polyfill-ctype/zipball/1c302646f6efc070cd46856e600e5e0684d6b454",
                "reference": "1c302646f6efc070cd46856e600e5e0684d6b454",
                "shasum": ""
            },
            "require": {
                "php": ">=5.3.3"
            },
            "suggest": {
                "ext-ctype": "For best performance"
            },
            "type": "library",
            "extra": {
                "branch-alias": {
                    "dev-master": "1.18-dev"
                },
                "thanks": {
                    "name": "symfony/polyfill",
                    "url": "https://github.com/symfony/polyfill"
                }
            },
            "autoload": {
                "psr-4": {
                    "Symfony\\Polyfill\\Ctype\\": ""
                },
                "files": [
                    "bootstrap.php"
                ]
            },
            "notification-url": "https://packagist.org/downloads/",
            "license": [
                "MIT"
            ],
            "authors": [
                {
                    "name": "Gert de Pagter",
                    "email": "BackEndTea@gmail.com"
                },
                {
                    "name": "Symfony Community",
                    "homepage": "https://symfony.com/contributors"
                }
            ],
            "description": "Symfony polyfill for ctype functions",
            "homepage": "https://symfony.com",
            "keywords": [
                "compatibility",
                "ctype",
                "polyfill",
                "portable"
            ],
            "time": "2020-07-14T12:35:20+00:00"
        },
        {
            "name": "symfony/polyfill-mbstring",
            "version": "v1.11.0",
            "source": {
                "type": "git",
                "url": "https://github.com/symfony/polyfill-mbstring.git",
                "reference": "fe5e94c604826c35a32fa832f35bd036b6799609"
            },
            "dist": {
                "type": "zip",
                "url": "https://api.github.com/repos/symfony/polyfill-mbstring/zipball/fe5e94c604826c35a32fa832f35bd036b6799609",
                "reference": "fe5e94c604826c35a32fa832f35bd036b6799609",
                "shasum": ""
            },
            "require": {
                "php": ">=5.3.3"
            },
            "suggest": {
                "ext-mbstring": "For best performance"
            },
            "type": "library",
            "extra": {
                "branch-alias": {
                    "dev-master": "1.11-dev"
                }
            },
            "autoload": {
                "psr-4": {
                    "Symfony\\Polyfill\\Mbstring\\": ""
                },
                "files": [
                    "bootstrap.php"
                ]
            },
            "notification-url": "https://packagist.org/downloads/",
            "license": [
                "MIT"
            ],
            "authors": [
                {
                    "name": "Nicolas Grekas",
                    "email": "p@tchwork.com"
                },
                {
                    "name": "Symfony Community",
                    "homepage": "https://symfony.com/contributors"
                }
            ],
            "description": "Symfony polyfill for the Mbstring extension",
            "homepage": "https://symfony.com",
            "keywords": [
                "compatibility",
                "mbstring",
                "polyfill",
                "portable",
                "shim"
            ],
            "time": "2019-02-06T07:57:58+00:00"
        },
        {
            "name": "telegram-bot/api",
            "version": "v2.3.13",
            "source": {
                "type": "git",
                "url": "https://github.com/TelegramBot/Api.git",
                "reference": "8d34f3ccd3230a9fd7c7fd9ba8ec0110a059f781"
            },
            "dist": {
                "type": "zip",
                "url": "https://api.github.com/repos/TelegramBot/Api/zipball/8d34f3ccd3230a9fd7c7fd9ba8ec0110a059f781",
                "reference": "8d34f3ccd3230a9fd7c7fd9ba8ec0110a059f781",
                "shasum": ""
            },
            "require": {
                "php": ">=5.5.0"
            },
            "require-dev": {
                "codeception/codeception": "*",
                "phpunit/phpunit": "~4.0",
                "squizlabs/php_codesniffer": "2.*"
            },
            "type": "library",
            "extra": {
                "branch-alias": {
                    "dev-master": "1.0-dev"
                }
            },
            "autoload": {
                "psr-4": {
                    "TelegramBot\\Api\\": "src"
                }
            },
            "notification-url": "https://packagist.org/downloads/",
            "license": [
                "MIT"
            ],
            "authors": [
                {
                    "name": "Ilya Gusev",
                    "email": "mail@igusev.ru",
                    "homepage": "https://php-cat.com",
                    "role": "Developer"
                }
            ],
            "description": "PHP Wrapper for Telegram Bot API",
            "homepage": "https://github.com/TelegramBot/Api",
            "keywords": [
                "bot",
                "bot api",
                "php",
                "telegram"
            ],
            "time": "2018-04-30T11:46:15+00:00"
        },
        {
            "name": "true/punycode",
            "version": "v2.1.1",
            "source": {
                "type": "git",
                "url": "https://github.com/true/php-punycode.git",
                "reference": "a4d0c11a36dd7f4e7cd7096076cab6d3378a071e"
            },
            "dist": {
                "type": "zip",
                "url": "https://api.github.com/repos/true/php-punycode/zipball/a4d0c11a36dd7f4e7cd7096076cab6d3378a071e",
                "reference": "a4d0c11a36dd7f4e7cd7096076cab6d3378a071e",
                "shasum": ""
            },
            "require": {
                "php": ">=5.3.0",
                "symfony/polyfill-mbstring": "^1.3"
            },
            "require-dev": {
                "phpunit/phpunit": "~4.7",
                "squizlabs/php_codesniffer": "~2.0"
            },
            "type": "library",
            "autoload": {
                "psr-4": {
                    "TrueBV\\": "src/"
                }
            },
            "notification-url": "https://packagist.org/downloads/",
            "license": [
                "MIT"
            ],
            "authors": [
                {
                    "name": "Renan Gonçalves",
                    "email": "renan.saddam@gmail.com"
                }
            ],
            "description": "A Bootstring encoding of Unicode for Internationalized Domain Names in Applications (IDNA)",
            "homepage": "https://github.com/true/php-punycode",
            "keywords": [
                "idna",
                "punycode"
            ],
            "time": "2016-11-16T10:37:54+00:00"
        },
        {
            "name": "twbs/bootstrap",
            "version": "v4.5.0",
            "source": {
                "type": "git",
                "url": "https://github.com/twbs/bootstrap.git",
                "reference": "7a6da5e3e7ad7c749dde806546a35d4d4259d965"
            },
            "dist": {
                "type": "zip",
                "url": "https://api.github.com/repos/twbs/bootstrap/zipball/7a6da5e3e7ad7c749dde806546a35d4d4259d965",
                "reference": "7a6da5e3e7ad7c749dde806546a35d4d4259d965",
                "shasum": ""
            },
            "replace": {
                "twitter/bootstrap": "self.version"
            },
            "type": "library",
            "extra": {
                "branch-alias": {
                    "dev-master": "3.3.x-dev"
                }
            },
            "notification-url": "https://packagist.org/downloads/",
            "license": [
                "MIT"
            ],
            "authors": [
                {
                    "name": "Mark Otto",
                    "email": "markdotto@gmail.com"
                },
                {
                    "name": "Jacob Thornton",
                    "email": "jacobthornton@gmail.com"
                }
            ],
            "description": "The most popular front-end framework for developing responsive, mobile first projects on the web.",
            "homepage": "https://getbootstrap.com/",
            "keywords": [
                "JS",
                "css",
                "framework",
                "front-end",
                "mobile-first",
                "responsive",
                "sass",
                "web"
            ],
            "time": "2020-05-12T17:44:42+00:00"
        },
        {
            "name": "twig/twig",
            "version": "v3.0.4",
            "source": {
                "type": "git",
                "url": "https://github.com/twigphp/Twig.git",
                "reference": "582bdbdc173027ebfba3c93dc750a40b8f9ebc02"
            },
            "dist": {
                "type": "zip",
                "url": "https://api.github.com/repos/twigphp/Twig/zipball/582bdbdc173027ebfba3c93dc750a40b8f9ebc02",
                "reference": "582bdbdc173027ebfba3c93dc750a40b8f9ebc02",
                "shasum": ""
            },
            "require": {
                "php": ">=7.2.5",
                "symfony/polyfill-ctype": "^1.8",
                "symfony/polyfill-mbstring": "^1.3"
            },
            "require-dev": {
                "psr/container": "^1.0",
                "symfony/phpunit-bridge": "^4.4.9|^5.0.9"
            },
            "type": "library",
            "extra": {
                "branch-alias": {
                    "dev-master": "3.0-dev"
                }
            },
            "autoload": {
                "psr-4": {
                    "Twig\\": "src/"
                }
            },
            "notification-url": "https://packagist.org/downloads/",
            "license": [
                "BSD-3-Clause"
            ],
            "authors": [
                {
                    "name": "Fabien Potencier",
                    "email": "fabien@symfony.com",
                    "homepage": "http://fabien.potencier.org",
                    "role": "Lead Developer"
                },
                {
                    "name": "Twig Team",
                    "role": "Contributors"
                },
                {
                    "name": "Armin Ronacher",
                    "email": "armin.ronacher@active-4.com",
                    "role": "Project Founder"
                }
            ],
            "description": "Twig, the flexible, fast, and secure template language for PHP",
            "homepage": "https://twig.symfony.com",
            "keywords": [
                "templating"
            ],
            "time": "2020-07-05T13:18:14+00:00"
        },
        {
            "name": "vkcom/vk-php-sdk",
            "version": "5.95.5",
            "source": {
                "type": "git",
                "url": "https://github.com/VKCOM/vk-php-sdk.git",
                "reference": "cfd344d03e91a5e9a88031ef05638fe61dd16a1b"
            },
            "dist": {
                "type": "zip",
                "url": "https://api.github.com/repos/VKCOM/vk-php-sdk/zipball/cfd344d03e91a5e9a88031ef05638fe61dd16a1b",
                "reference": "cfd344d03e91a5e9a88031ef05638fe61dd16a1b",
                "shasum": ""
            },
            "require": {
                "php": ">=7.1"
            },
            "require-dev": {
                "phpunit/phpunit": "^6",
                "vkcom/vk-api-schema": "^5.80.1"
            },
            "type": "library",
            "autoload": {
                "psr-4": {
                    "VK\\": "src/VK"
                }
            },
            "notification-url": "https://packagist.org/downloads/",
            "license": [
                "MIT"
            ],
            "description": "VK PHP SDK",
            "homepage": "https://github.com/VKCOM/vk-php-sdk",
            "keywords": [
                "sdk",
                "vk"
            ],
            "time": "2019-05-15T07:18:02+00:00"
        }
    ],
    "packages-dev": [],
    "aliases": [],
    "minimum-stability": "stable",
    "stability-flags": [],
    "prefer-stable": false,
    "prefer-lowest": false,
    "platform": [],
    "platform-dev": []
}
